
Microsoft Visual Studio Solution File, Format Version 12.00
# Visual Studio 15
VisualStudioVersion = 15.0.28307.168
MinimumVisualStudioVersion = 15.0.26124.0
Project("{2150E333-8FDC-42A3-9474-1A3956D46DE8}") = ".build", ".build", "{2B664350-E227-46B3-ABD9-BE8D00711336}"
	ProjectSection(SolutionItems) = preProject
		directory.build.props = directory.build.props
		directory.build.targets = directory.build.targets
		SpecialEducationResources.md = SpecialEducationResources.md
	EndProjectSection
EndProject
Project("{9A19103F-16F7-4668-BE54-9A1E7A4F7556}") = "OpenApiGenerator", "src\OpenApiGenerator\OpenApiGenerator.csproj", "{FCC5C3A9-06AE-40C8-B1E2-F14F03E82B8C}"
EndProject
Project("{FAE04EC0-301F-11D3-BF4B-00C04F79EFBC}") = "CkanApiHelper", "src\CkanApiHelper\CkanApiHelper.csproj", "{6B415874-4951-4F27-AD42-FA2C79098B61}"
EndProject
Global
	GlobalSection(SolutionConfigurationPlatforms) = preSolution
		Debug|Any CPU = Debug|Any CPU
		Release|Any CPU = Release|Any CPU
	EndGlobalSection
	GlobalSection(ProjectConfigurationPlatforms) = postSolution
		{FCC5C3A9-06AE-40C8-B1E2-F14F03E82B8C}.Debug|Any CPU.ActiveCfg = Debug|Any CPU
		{FCC5C3A9-06AE-40C8-B1E2-F14F03E82B8C}.Debug|Any CPU.Build.0 = Debug|Any CPU
		{FCC5C3A9-06AE-40C8-B1E2-F14F03E82B8C}.Release|Any CPU.ActiveCfg = Release|Any CPU
		{FCC5C3A9-06AE-40C8-B1E2-F14F03E82B8C}.Release|Any CPU.Build.0 = Release|Any CPU
		{6B415874-4951-4F27-AD42-FA2C79098B61}.Debug|Any CPU.ActiveCfg = Debug|Any CPU
		{6B415874-4951-4F27-AD42-FA2C79098B61}.Debug|Any CPU.Build.0 = Debug|Any CPU
		{6B415874-4951-4F27-AD42-FA2C79098B61}.Release|Any CPU.ActiveCfg = Release|Any CPU
		{6B415874-4951-4F27-AD42-FA2C79098B61}.Release|Any CPU.Build.0 = Release|Any CPU
	EndGlobalSection
	GlobalSection(SolutionProperties) = preSolution
		HideSolutionNode = FALSE
	EndGlobalSection
	GlobalSection(ExtensibilityGlobals) = postSolution
		SolutionGuid = {B5563220-1E3C-4D2F-8992-8D2E9496FB72}
	EndGlobalSection
EndGlobal
